{
  "nodes": {
    "nixpkgs": {
      "locked": {
        "lastModified": 1788179007,
        "narHash": "sha256-hn1oU2rue2SYK8dAr8+WNZWtbsz1S2W5mnHlSEuh3bo=",
        "owner": "NixOS",
        "repo": "nixpkgs",
        "rev": "34ab99075ac4f7e40cf037eef32cb1c360bb85e9",
        "type": "github"
      },
      "original": {
        "owner": "NixOS",
        "ref": "nixos-unstable",
        "repo": "nixpkgs",
        "type": "github"
      }
    },
    "nvidia-vaapi-driver-nvenc": {
      "flake": false,
      "locked": {
        "lastModified": 1788313438,
        "narHash": "sha256-S4p4Ny+t5jFAubnyvdgPTz7WCEKQtAExz+xPEIa6nM4=",
        "owner": "ejb1123",
        "repo": "nvidia-vaapi-driver",
        "rev": "a85ebb20a17b6feecb001ca44d1b3e4dc8e06714",
        "type": "github"
      },
      "original": {
        "owner": "ejb1123",
        "ref": "nvenc-encode",
        "repo": "nvidia-vaapi-driver",
        "type": "github"
      }
    },
    "root": {
      "inputs": {
        "nixpkgs": "nixpkgs",
        "nvidia-vaapi-driver-nvenc": "nvidia-vaapi-driver-nvenc"
      }
    }
  },
  "root": "root",
  "version": 7
}
